
# THIS IS AN AUTOGENERATED FILE. DO NOT EDIT THIS FILE DIRECTLY.
# yarn lockfile v1


"@ampproject/remapping@^2.1.0":
  version "2.2.0"
  resolved "https://registry.yarnpkg.com/@ampproject/remapping/-/remapping-2.2.0.tgz#56c133824780de3174aed5ab6834f3026790154d"
  integrity sha512-qRmjj8nj9qmLTQXXmaR1cck3UXSRMPrbsLJAasZpF+t3riI71BXed5ebIOYwQntykeZuhjsdweEc9BxH5Jc26w==
  dependencies:
    "@jridgewell/gen-mapping" "^0.1.0"
    "@jridgewell/trace-mapping" "^0.3.9"

"@babel/code-frame@^7.0.0", "@babel/code-frame@^7.12.13":
  version "7.12.13"
  resolved "https://registry.yarnpkg.com/@babel/code-frame/-/code-frame-7.12.13.tgz#dcfc826beef65e75c50e21d3837d7d95798dd658"
  integrity sha512-HV1Cm0Q3ZrpCR93tkWOYiuYIgLxZXZFVG2VgK+MBWjUqZTundupbfx2aXarXuw5Ko5aMcjtJgbSs4vUGBS5v6g==
  dependencies:
    "@babel/highlight" "^7.12.13"

"@babel/code-frame@^7.18.6":
  version "7.18.6"
  resolved "https://registry.yarnpkg.com/@babel/code-frame/-/code-frame-7.18.6.tgz#3b25d38c89600baa2dcc219edfa88a74eb2c427a"
  integrity sha512-TDCmlK5eOvH+eH7cdAFlNXeVJqWIQ7gW9tY1GJIpUtFb6CmjVyq2VM3u71bOyR8CRihcCgMUYoDNyLXao3+70Q==
  dependencies:
    "@babel/highlight" "^7.18.6"

"@babel/compat-data@^7.20.5":
  version "7.20.10"
  resolved "https://registry.yarnpkg.com/@babel/compat-data/-/compat-data-7.20.10.tgz#9d92fa81b87542fff50e848ed585b4212c1d34ec"
  integrity sha512-sEnuDPpOJR/fcafHMjpcpGN5M2jbUGUHwmuWKM/YdPzeEDJg8bgmbcWQFUfE32MQjti1koACvoPVsDe8Uq+idg==

"@babel/core@^7.11.6", "@babel/core@^7.12.3", "@babel/core@~7.20.7":
  version "7.20.7"
  resolved "https://registry.yarnpkg.com/@babel/core/-/core-7.20.7.tgz#37072f951bd4d28315445f66e0ec9f6ae0c8c35f"
  integrity sha512-t1ZjCluspe5DW24bn2Rr1CDb2v9rn/hROtg9a2tmd0+QYf4bsloYfLQzjG4qHPNMhWtKdGC33R5AxGR2Af2cBw==
  dependencies:
    "@ampproject/remapping" "^2.1.0"
    "@babel/code-frame" "^7.18.6"
    "@babel/generator" "^7.20.7"
    "@babel/helper-compilation-targets" "^7.20.7"
    "@babel/helper-module-transforms" "^7.20.7"
    "@babel/helpers" "^7.20.7"
    "@babel/parser" "^7.20.7"
    "@babel/template" "^7.20.7"
    "@babel/traverse" "^7.20.7"
    "@babel/types" "^7.20.7"
    convert-source-map "^1.7.0"
    debug "^4.1.0"
    gensync "^1.0.0-beta.2"
    json5 "^2.2.1"
    semver "^6.3.0"

"@babel/generator@^7.20.7", "@babel/generator@^7.7.2", "@babel/generator@~7.20.7":
  version "7.20.7"
  resolved "https://registry.yarnpkg.com/@babel/generator/-/generator-7.20.7.tgz#f8ef57c8242665c5929fe2e8d82ba75460187b4a"
  integrity sha512-7wqMOJq8doJMZmP4ApXTzLxSr7+oO2jroJURrVEp6XShrQUObV8Tq/D0NCcoYg2uHqUrjzO0zwBjoYzelxK+sw==
  dependencies:
    "@babel/types" "^7.20.7"
    "@jridgewell/gen-mapping" "^0.3.2"
    jsesc "^2.5.1"

"@babel/helper-compilation-targets@^7.20.7":
  version "7.20.7"
  resolved "https://registry.yarnpkg.com/@babel/helper-compilation-targets/-/helper-compilation-targets-7.20.7.tgz#a6cd33e93629f5eb473b021aac05df62c4cd09bb"
  integrity sha512-4tGORmfQcrc+bvrjb5y3dG9Mx1IOZjsHqQVUz7XCNHO+iTmqxWnVg3KRygjGmpRLJGdQSKuvFinbIb0CnZwHAQ==
  dependencies:
    "@babel/compat-data" "^7.20.5"
    "@babel/helper-validator-option" "^7.18.6"
    browserslist "^4.21.3"
    lru-cache "^5.1.1"
    semver "^6.3.0"
